
Microsoft Visual Studio Solution File, Format Version 12.00
# Visual Studio 14
VisualStudioVersion = 14.0.25420.1
MinimumVisualStudioVersion = 10.0.40219.1
Project("{FAE04EC0-301F-11D3-BF4B-00C04F79EFBC}") = "DAL", "DAL\DAL.csproj", "{8B21B282-1A4F-48FA-90FE-EB4A5719FA2C}"
EndProject
Project("{FAE04EC0-301F-11D3-BF4B-00C04F79EFBC}") = "BAL", "BAL\BAL.csproj", "{6DB23E03-BA71-43CC-9292-43A2EED10800}"
EndProject
Project("{FAE04EC0-301F-11D3-BF4B-00C04F79EFBC}") = "Entity", "Entity\Entity.csproj", "{88354300-208D-4EC5-AEE2-4EB266290764}"
EndProject
Project("{FAE04EC0-301F-11D3-BF4B-00C04F79EFBC}") = "WebUI", "WebUI\WebUI.csproj", "{C21E7FFD-1314-45D1-8F68-B1612BF4337D}"
EndProject
Project("{FAE04EC0-301F-11D3-BF4B-00C04F79EFBC}") = "StateManagementAndCaching", "StateManagementAndCaching\StateManagementAndCaching.csproj", "{DEC0E426-B404-4884-AA04-F6B008A03858}"
EndProject
Global
	GlobalSection(SolutionConfigurationPlatforms) = preSolution
		Debug|Any CPU = Debug|Any CPU
		Release|Any CPU = Release|Any CPU
	EndGlobalSection
	GlobalSection(ProjectConfigurationPlatforms) = postSolution
		{8B21B282-1A4F-48FA-90FE-EB4A5719FA2C}.Debug|Any CPU.ActiveCfg = Debug|Any CPU
		{8B21B282-1A4F-48FA-90FE-EB4A5719FA2C}.Debug|Any CPU.Build.0 = Debug|Any CPU
		{8B21B282-1A4F-48FA-90FE-EB4A5719FA2C}.Release|Any CPU.ActiveCfg = Release|Any CPU
		{8B21B282-1A4F-48FA-90FE-EB4A5719FA2C}.Release|Any CPU.Build.0 = Release|Any CPU
		{6DB23E03-BA71-43CC-9292-43A2EED10800}.Debug|Any CPU.ActiveCfg = Debug|Any CPU
		{6DB23E03-BA71-43CC-9292-43A2EED10800}.Debug|Any CPU.Build.0 = Debug|Any CPU
		{6DB23E03-BA71-43CC-9292-43A2EED10800}.Release|Any CPU.ActiveCfg = Release|Any CPU
		{6DB23E03-BA71-43CC-9292-43A2EED10800}.Release|Any CPU.Build.0 = Release|Any CPU
		{88354300-208D-4EC5-AEE2-4EB266290764}.Debug|Any CPU.ActiveCfg = Debug|Any CPU
		{88354300-208D-4EC5-AEE2-4EB266290764}.Debug|Any CPU.Build.0 = Debug|Any CPU
		{88354300-208D-4EC5-AEE2-4EB266290764}.Release|Any CPU.ActiveCfg = Release|Any CPU
		{88354300-208D-4EC5-AEE2-4EB266290764}.Release|Any CPU.Build.0 = Release|Any CPU
		{C21E7FFD-1314-45D1-8F68-B1612BF4337D}.Debug|Any CPU.ActiveCfg = Debug|Any CPU
		{C21E7FFD-1314-45D1-8F68-B1612BF4337D}.Debug|Any CPU.Build.0 = Debug|Any CPU
		{C21E7FFD-1314-45D1-8F68-B1612BF4337D}.Release|Any CPU.ActiveCfg = Release|Any CPU
		{C21E7FFD-1314-45D1-8F68-B1612BF4337D}.Release|Any CPU.Build.0 = Release|Any CPU
		{DEC0E426-B404-4884-AA04-F6B008A03858}.Debug|Any CPU.ActiveCfg = Debug|Any CPU
		{DEC0E426-B404-4884-AA04-F6B008A03858}.Debug|Any CPU.Build.0 = Debug|Any CPU
		{DEC0E426-B404-4884-AA04-F6B008A03858}.Release|Any CPU.ActiveCfg = Release|Any CPU
		{DEC0E426-B404-4884-AA04-F6B008A03858}.Release|Any CPU.Build.0 = Release|Any CPU
	EndGlobalSection
	GlobalSection(SolutionProperties) = preSolution
		HideSolutionNode = FALSE
	EndGlobalSection
EndGlobal
