
Microsoft Visual Studio Solution File, Format Version 12.00
# Visual Studio 14
VisualStudioVersion = 14.0.25420.1
MinimumVisualStudioVersion = 10.0.40219.1
Project("{FAE04EC0-301F-11D3-BF4B-00C04F79EFBC}") = "JavaScriptExamples", "JavaScriptExamples\JavaScriptExamples.csproj", "{7E6D3109-D000-4AB6-B920-16E298F1E7B4}"
EndProject
Project("{FAE04EC0-301F-11D3-BF4B-00C04F79EFBC}") = "JQueryExample", "JQueryExample\JQueryExample.csproj", "{E6FA2823-8B84-4FC0-8D61-1E55184F27CC}"
EndProject
Global
	GlobalSection(SolutionConfigurationPlatforms) = preSolution
		Debug|Any CPU = Debug|Any CPU
		Release|Any CPU = Release|Any CPU
	EndGlobalSection
	GlobalSection(ProjectConfigurationPlatforms) = postSolution
		{7E6D3109-D000-4AB6-B920-16E298F1E7B4}.Debug|Any CPU.ActiveCfg = Debug|Any CPU
		{7E6D3109-D000-4AB6-B920-16E298F1E7B4}.Debug|Any CPU.Build.0 = Debug|Any CPU
		{7E6D3109-D000-4AB6-B920-16E298F1E7B4}.Release|Any CPU.ActiveCfg = Release|Any CPU
		{7E6D3109-D000-4AB6-B920-16E298F1E7B4}.Release|Any CPU.Build.0 = Release|Any CPU
		{E6FA2823-8B84-4FC0-8D61-1E55184F27CC}.Debug|Any CPU.ActiveCfg = Debug|Any CPU
		{E6FA2823-8B84-4FC0-8D61-1E55184F27CC}.Debug|Any CPU.Build.0 = Debug|Any CPU
		{E6FA2823-8B84-4FC0-8D61-1E55184F27CC}.Release|Any CPU.ActiveCfg = Release|Any CPU
		{E6FA2823-8B84-4FC0-8D61-1E55184F27CC}.Release|Any CPU.Build.0 = Release|Any CPU
	EndGlobalSection
	GlobalSection(SolutionProperties) = preSolution
		HideSolutionNode = FALSE
	EndGlobalSection
EndGlobal
