
Microsoft Visual Studio Solution File, Format Version 12.00
# Visual Studio 14
VisualStudioVersion = 14.0.25420.1
MinimumVisualStudioVersion = 10.0.40219.1
Project("{2150E333-8FDC-42A3-9474-1A3956D46DE8}") = "Solution Items", "Solution Items", "{240FBCA0-9A8A-4578-90F6-F02D9288160D}"
	ProjectSection(SolutionItems) = preProject
		Problem1.html = Problem1.html
		Problem2.html = Problem2.html
		Problem3.html = Problem3.html
	EndProjectSection
EndProject
Global
	GlobalSection(SolutionProperties) = preSolution
		HideSolutionNode = FALSE
	EndGlobalSection
EndGlobal
